// !$*UTF8*$!
{
	archiveVersion = 1;
	classes = {
	};
	objectVersion = 55;
	objects = {

/* Begin PBXBuildFile section */
		A558450927D341FD00703628 /* XcodeKit.framework in Frameworks */ = {isa = PBXBuildFile; fileRef = A5EB5A2E27D1C0D400FC6F67 /* XcodeKit.framework */; };
		A558450A27D341FD00703628 /* XcodeKit.framework in Embed Frameworks */ = {isa = PBXBuildFile; fileRef = A5EB5A2E27D1C0D400FC6F67 /* XcodeKit.framework */; settings = {ATTRIBUTES = (CodeSignOnCopy, RemoveHeadersOnCopy, ); }; };
		A558451727D3546300703628 /* main.m in Sources */ = {isa = PBXBuildFile; fileRef = A558451627D3546300703628 /* main.m */; };
		A558451B27D3546300703628 /* CommandHelper.xpc in Embed XPC Services */ = {isa = PBXBuildFile; fileRef = A558451027D3546300703628 /* CommandHelper.xpc */; settings = {ATTRIBUTES = (RemoveHeadersOnCopy, ); }; };
		A558452227D3548700703628 /* CommandHelper.swift in Sources */ = {isa = PBXBuildFile; fileRef = A558452127D3548700703628 /* CommandHelper.swift */; };
		A558452627D35A9C00703628 /* RunXcodeGenCommand.swift in Sources */ = {isa = PBXBuildFile; fileRef = A558452527D35A9C00703628 /* RunXcodeGenCommand.swift */; };
		A558452927D3793000703628 /* CommandHelper.xpc in CopyFiles */ = {isa = PBXBuildFile; fileRef = A558451027D3546300703628 /* CommandHelper.xpc */; settings = {ATTRIBUTES = (RemoveHeadersOnCopy, ); }; };
		A5EB59F827D1C05E00FC6F67 /* XcodeExtensionApp.swift in Sources */ = {isa = PBXBuildFile; fileRef = A5EB59F727D1C05E00FC6F67 /* XcodeExtensionApp.swift */; };
		A5EB59FA27D1C05E00FC6F67 /* ContentView.swift in Sources */ = {isa = PBXBuildFile; fileRef = A5EB59F927D1C05E00FC6F67 /* ContentView.swift */; };
		A5EB59FC27D1C05F00FC6F67 /* Assets.xcassets in Resources */ = {isa = PBXBuildFile; fileRef = A5EB59FB27D1C05F00FC6F67 /* Assets.xcassets */; };
		A5EB59FF27D1C05F00FC6F67 /* Preview Assets.xcassets in Resources */ = {isa = PBXBuildFile; fileRef = A5EB59FE27D1C05F00FC6F67 /* Preview Assets.xcassets */; };
		A5EB5A2D27D1C0D400FC6F67 /* Cocoa.framework in Frameworks */ = {isa = PBXBuildFile; fileRef = A5EB5A2C27D1C0D400FC6F67 /* Cocoa.framework */; };
		A5EB5A3227D1C0D400FC6F67 /* SourceEditorExtension.swift in Sources */ = {isa = PBXBuildFile; fileRef = A5EB5A3127D1C0D400FC6F67 /* SourceEditorExtension.swift */; };
		A5EB5A3427D1C0D400FC6F67 /* SourceEditorCommand.swift in Sources */ = {isa = PBXBuildFile; fileRef = A5EB5A3327D1C0D400FC6F67 /* SourceEditorCommand.swift */; };
		A5EB5A3927D1C0D400FC6F67 /* SourceEditorExtension.appex in Embed App Extensions */ = {isa = PBXBuildFile; fileRef = A5EB5A2A27D1C0D400FC6F67 /* SourceEditorExtension.appex */; settings = {ATTRIBUTES = (RemoveHeadersOnCopy, ); }; };
/* End PBXBuildFile section */

/* Begin PBXContainerItemProxy section */
		A558451927D3546300703628 /* PBXContainerItemProxy */ = {
			isa = PBXContainerItemProxy;
			containerPortal = A5EB59EC27D1C05E00FC6F67 /* Project object */;
			proxyType = 1;
			remoteGlobalIDString = A558450F27D3546300703628;
			remoteInfo = CommandHelper;
		};
		A5EB5A3727D1C0D400FC6F67 /* PBXContainerItemProxy */ = {
			isa = PBXContainerItemProxy;
			containerPortal = A5EB59EC27D1C05E00FC6F67 /* Project object */;
			proxyType = 1;
			remoteGlobalIDString = A5EB5A2927D1C0D400FC6F67;
			remoteInfo = SourceEditorExtension;
		};
/* End PBXContainerItemProxy section */

/* Begin PBXCopyFilesBuildPhase section */
		A558450B27D341FD00703628 /* Embed Frameworks */ = {
			isa = PBXCopyFilesBuildPhase;
			buildActionMask = 2147483647;
			dstPath = "";
			dstSubfolderSpec = 10;
			files = (
				A558450A27D341FD00703628 /* XcodeKit.framework in Embed Frameworks */,
			);
			name = "Embed Frameworks";
			runOnlyForDeploymentPostprocessing = 0;
		};
		A558451F27D3546300703628 /* Embed XPC Services */ = {
			isa = PBXCopyFilesBuildPhase;
			buildActionMask = 2147483647;
			dstPath = "$(CONTENTS_FOLDER_PATH)/XPCServices";
			dstSubfolderSpec = 16;
			files = (
				A558451B27D3546300703628 /* CommandHelper.xpc in Embed XPC Services */,
			);
			name = "Embed XPC Services";
			runOnlyForDeploymentPostprocessing = 0;
		};
		A558452827D3791F00703628 /* CopyFiles */ = {
			isa = PBXCopyFilesBuildPhase;
			buildActionMask = 2147483647;
			dstPath = "$(CONTENTS_FOLDER_PATH)/XPCServices";
			dstSubfolderSpec = 16;
			files = (
				A558452927D3793000703628 /* CommandHelper.xpc in CopyFiles */,
			);
			runOnlyForDeploymentPostprocessing = 0;
		};
		A5EB5A3A27D1C0D400FC6F67 /* Embed App Extensions */ = {
			isa = PBXCopyFilesBuildPhase;
			buildActionMask = 2147483647;
			dstPath = "";
			dstSubfolderSpec = 13;
			files = (
				A5EB5A3927D1C0D400FC6F67 /* SourceEditorExtension.appex in Embed App Extensions */,
			);
			name = "Embed App Extensions";
			runOnlyForDeploymentPostprocessing = 0;
		};
/* End PBXCopyFilesBuildPhase section */

/* Begin PBXFileReference section */
		A558451027D3546300703628 /* CommandHelper.xpc */ = {isa = PBXFileReference; explicitFileType = "wrapper.xpc-service"; includeInIndex = 0; path = CommandHelper.xpc; sourceTree = BUILT_PRODUCTS_DIR; };
		A558451227D3546300703628 /* CommandHelperProtocol.h */ = {isa = PBXFileReference; lastKnownFileType = sourcecode.c.h; path = CommandHelperProtocol.h; sourceTree = "<group>"; };
		A558451627D3546300703628 /* main.m */ = {isa = PBXFileReference; lastKnownFileType = sourcecode.c.objc; path = main.m; sourceTree = "<group>"; };
		A558451827D3546300703628 /* Info.plist */ = {isa = PBXFileReference; lastKnownFileType = text.plist.xml; path = Info.plist; sourceTree = "<group>"; };
		A558452027D3548700703628 /* CommandHelper-Bridging-Header.h */ = {isa = PBXFileReference; lastKnownFileType = sourcecode.c.h; path = "CommandHelper-Bridging-Header.h"; sourceTree = "<group>"; };
		A558452127D3548700703628 /* CommandHelper.swift */ = {isa = PBXFileReference; lastKnownFileType = sourcecode.swift; path = CommandHelper.swift; sourceTree = "<group>"; };
		A558452527D35A9C00703628 /* RunXcodeGenCommand.swift */ = {isa = PBXFileReference; lastKnownFileType = sourcecode.swift; path = RunXcodeGenCommand.swift; sourceTree = "<group>"; };
		A558452727D35BC100703628 /* SourceEditorExtension-Briding-Header.h */ = {isa = PBXFileReference; lastKnownFileType = sourcecode.c.h; path = "SourceEditorExtension-Briding-Header.h"; sourceTree = "<group>"; };
		A5EB59F427D1C05E00FC6F67 /* XcodeExtension.app */ = {isa = PBXFileReference; explicitFileType = wrapper.application; includeInIndex = 0; path = XcodeExtension.app; sourceTree = BUILT_PRODUCTS_DIR; };
		A5EB59F727D1C05E00FC6F67 /* XcodeExtensionApp.swift */ = {isa = PBXFileReference; lastKnownFileType = sourcecode.swift; path = XcodeExtensionApp.swift; sourceTree = "<group>"; };
		A5EB59F927D1C05E00FC6F67 /* ContentView.swift */ = {isa = PBXFileReference; lastKnownFileType = sourcecode.swift; path = ContentView.swift; sourceTree = "<group>"; };
		A5EB59FB27D1C05F00FC6F67 /* Assets.xcassets */ = {isa = PBXFileReference; lastKnownFileType = folder.assetcatalog; path = Assets.xcassets; sourceTree = "<group>"; };
		A5EB59FE27D1C05F00FC6F67 /* Preview Assets.xcassets */ = {isa = PBXFileReference; lastKnownFileType = folder.assetcatalog; path = "Preview Assets.xcassets"; sourceTree = "<group>"; };
		A5EB5A0027D1C05F00FC6F67 /* XcodeExtension.entitlements */ = {isa = PBXFileReference; lastKnownFileType = text.plist.entitlements; path = XcodeExtension.entitlements; sourceTree = "<group>"; };
		A5EB5A2A27D1C0D400FC6F67 /* SourceEditorExtension.appex */ = {isa = PBXFileReference; explicitFileType = "wrapper.app-extension"; includeInIndex = 0; path = SourceEditorExtension.appex; sourceTree = BUILT_PRODUCTS_DIR; };
		A5EB5A2C27D1C0D400FC6F67 /* Cocoa.framework */ = {isa = PBXFileReference; lastKnownFileType = wrapper.framework; name = Cocoa.framework; path = System/Library/Frameworks/Cocoa.framework; sourceTree = SDKROOT; };
		A5EB5A2E27D1C0D400FC6F67 /* XcodeKit.framework */ = {isa = PBXFileReference; lastKnownFileType = wrapper.framework; name = XcodeKit.framework; path = Library/Frameworks/XcodeKit.framework; sourceTree = DEVELOPER_DIR; };
		A5EB5A3127D1C0D400FC6F67 /* SourceEditorExtension.swift */ = {isa = PBXFileReference; lastKnownFileType = sourcecode.swift; path = SourceEditorExtension.swift; sourceTree = "<group>"; };
		A5EB5A3327D1C0D400FC6F67 /* SourceEditorCommand.swift */ = {isa = PBXFileReference; lastKnownFileType = sourcecode.swift; path = SourceEditorCommand.swift; sourceTree = "<group>"; };
		A5EB5A3527D1C0D400FC6F67 /* Info.plist */ = {isa = PBXFileReference; lastKnownFileType = text.plist.xml; path = Info.plist; sourceTree = "<group>"; };
		A5EB5A3627D1C0D400FC6F67 /* SourceEditorExtension.entitlements */ = {isa = PBXFileReference; lastKnownFileType = text.plist.entitlements; path = SourceEditorExtension.entitlements; sourceTree = "<group>"; };
		A5EB5A3E27D1C71400FC6F67 /* SourceEditorExtensionDebug.entitlements */ = {isa = PBXFileReference; lastKnownFileType = text.plist.entitlements; path = SourceEditorExtensionDebug.entitlements; sourceTree = "<group>"; };
/* End PBXFileReference section */

/* Begin PBXFrameworksBuildPhase section */
		A558450D27D3546300703628 /* Frameworks */ = {
			isa = PBXFrameworksBuildPhase;
			buildActionMask = 2147483647;
			files = (
			);
			runOnlyForDeploymentPostprocessing = 0;
		};
		A5EB59F127D1C05E00FC6F67 /* Frameworks */ = {
			isa = PBXFrameworksBuildPhase;
			buildActionMask = 2147483647;
			files = (
			);
			runOnlyForDeploymentPostprocessing = 0;
		};
		A5EB5A2727D1C0D400FC6F67 /* Frameworks */ = {
			isa = PBXFrameworksBuildPhase;
			buildActionMask = 2147483647;
			files = (
				A5EB5A2D27D1C0D400FC6F67 /* Cocoa.framework in Frameworks */,
				A558450927D341FD00703628 /* XcodeKit.framework in Frameworks */,
			);
			runOnlyForDeploymentPostprocessing = 0;
		};
/* End PBXFrameworksBuildPhase section */

/* Begin PBXGroup section */
		A558451127D3546300703628 /* CommandHelper */ = {
			isa = PBXGroup;
			children = (
				A558452127D3548700703628 /* CommandHelper.swift */,
				A558452027D3548700703628 /* CommandHelper-Bridging-Header.h */,
				A558451227D3546300703628 /* CommandHelperProtocol.h */,
				A558451627D3546300703628 /* main.m */,
				A558451827D3546300703628 /* Info.plist */,
			);
			path = CommandHelper;
			sourceTree = "<group>";
		};
		A5EB59EB27D1C05E00FC6F67 = {
			isa = PBXGroup;
			children = (
				A5EB59F627D1C05E00FC6F67 /* XcodeExtension */,
				A5EB5A3027D1C0D400FC6F67 /* SourceEditorExtension */,
				A558451127D3546300703628 /* CommandHelper */,
				A5EB5A2B27D1C0D400FC6F67 /* Frameworks */,
				A5EB59F527D1C05E00FC6F67 /* Products */,
			);
			sourceTree = "<group>";
		};
		A5EB59F527D1C05E00FC6F67 /* Products */ = {
			isa = PBXGroup;
			children = (
				A5EB59F427D1C05E00FC6F67 /* XcodeExtension.app */,
				A5EB5A2A27D1C0D400FC6F67 /* SourceEditorExtension.appex */,
				A558451027D3546300703628 /* CommandHelper.xpc */,
			);
			name = Products;
			sourceTree = "<group>";
		};
		A5EB59F627D1C05E00FC6F67 /* XcodeExtension */ = {
			isa = PBXGroup;
			children = (
				A5EB59F727D1C05E00FC6F67 /* XcodeExtensionApp.swift */,
				A5EB59F927D1C05E00FC6F67 /* ContentView.swift */,
				A5EB59FB27D1C05F00FC6F67 /* Assets.xcassets */,
				A5EB5A0027D1C05F00FC6F67 /* XcodeExtension.entitlements */,
				A5EB59FD27D1C05F00FC6F67 /* Preview Content */,
			);
			path = XcodeExtension;
			sourceTree = "<group>";
		};
		A5EB59FD27D1C05F00FC6F67 /* Preview Content */ = {
			isa = PBXGroup;
			children = (
				A5EB59FE27D1C05F00FC6F67 /* Preview Assets.xcassets */,
			);
			path = "Preview Content";
			sourceTree = "<group>";
		};
		A5EB5A2B27D1C0D400FC6F67 /* Frameworks */ = {
			isa = PBXGroup;
			children = (
				A5EB5A2C27D1C0D400FC6F67 /* Cocoa.framework */,
				A5EB5A2E27D1C0D400FC6F67 /* XcodeKit.framework */,
			);
			name = Frameworks;
			sourceTree = "<group>";
		};
		A5EB5A3027D1C0D400FC6F67 /* SourceEditorExtension */ = {
			isa = PBXGroup;
			children = (
				A558452527D35A9C00703628 /* RunXcodeGenCommand.swift */,
				A5EB5A3127D1C0D400FC6F67 /* SourceEditorExtension.swift */,
				A5EB5A3327D1C0D400FC6F67 /* SourceEditorCommand.swift */,
				A5EB5A3527D1C0D400FC6F67 /* Info.plist */,
				A5EB5A3E27D1C71400FC6F67 /* SourceEditorExtensionDebug.entitlements */,
				A5EB5A3627D1C0D400FC6F67 /* SourceEditorExtension.entitlements */,
				A558452727D35BC100703628 /* SourceEditorExtension-Briding-Header.h */,
			);
			path = SourceEditorExtension;
			sourceTree = "<group>";
		};
/* End PBXGroup section */

/* Begin PBXNativeTarget section */
		A558450F27D3546300703628 /* CommandHelper */ = {
			isa = PBXNativeTarget;
			buildConfigurationList = A558451C27D3546300703628 /* Build configuration list for PBXNativeTarget "CommandHelper" */;
			buildPhases = (
				A558450C27D3546300703628 /* Sources */,
				A558450D27D3546300703628 /* Frameworks */,
				A558450E27D3546300703628 /* Resources */,
			);
			buildRules = (
			);
			dependencies = (
			);
			name = CommandHelper;
			productName = CommandHelper;
			productReference = A558451027D3546300703628 /* CommandHelper.xpc */;
			productType = "com.apple.product-type.xpc-service";
		};
		A5EB59F327D1C05E00FC6F67 /* XcodeExtension */ = {
			isa = PBXNativeTarget;
			buildConfigurationList = A5EB5A0327D1C05F00FC6F67 /* Build configuration list for PBXNativeTarget "XcodeExtension" */;
			buildPhases = (
				A5EB59F027D1C05E00FC6F67 /* Sources */,
				A5EB59F127D1C05E00FC6F67 /* Frameworks */,
				A5EB59F227D1C05E00FC6F67 /* Resources */,
				A5EB5A3A27D1C0D400FC6F67 /* Embed App Extensions */,
				A558451F27D3546300703628 /* Embed XPC Services */,
			);
			buildRules = (
			);
			dependencies = (
				A5EB5A3827D1C0D400FC6F67 /* PBXTargetDependency */,
				A558451A27D3546300703628 /* PBXTargetDependency */,
			);
			name = XcodeExtension;
			productName = XcodeExtension;
			productReference = A5EB59F427D1C05E00FC6F67 /* XcodeExtension.app */;
			productType = "com.apple.product-type.application";
		};
		A5EB5A2927D1C0D400FC6F67 /* SourceEditorExtension */ = {
			isa = PBXNativeTarget;
			buildConfigurationList = A5EB5A3D27D1C0D400FC6F67 /* Build configuration list for PBXNativeTarget "SourceEditorExtension" */;
			buildPhases = (
				A5EB5A2627D1C0D400FC6F67 /* Sources */,
				A5EB5A2727D1C0D400FC6F67 /* Frameworks */,
				A5EB5A2827D1C0D400FC6F67 /* Resources */,
				A558452827D3791F00703628 /* CopyFiles */,
				A558450B27D341FD00703628 /* Embed Frameworks */,
			);
			buildRules = (
			);
			dependencies = (
			);
			name = SourceEditorExtension;
			productName = SourceEditorExtension;
			productReference = A5EB5A2A27D1C0D400FC6F67 /* SourceEditorExtension.appex */;
			productType = "com.apple.product-type.xcode-extension";
		};
/* End PBXNativeTarget section */

/* Begin PBXProject section */
		A5EB59EC27D1C05E00FC6F67 /* Project object */ = {
			isa = PBXProject;
			attributes = {
				BuildIndependentTargetsInParallel = 1;
				LastSwiftUpdateCheck = 1310;
				LastUpgradeCheck = 1310;
				TargetAttributes = {
					A558450F27D3546300703628 = {
						CreatedOnToolsVersion = 13.1;
						LastSwiftMigration = 1310;
					};
					A5EB59F327D1C05E00FC6F67 = {
						CreatedOnToolsVersion = 13.1;
					};
					A5EB5A2927D1C0D400FC6F67 = {
						CreatedOnToolsVersion = 13.1;
					};
				};
			};
			buildConfigurationList = A5EB59EF27D1C05E00FC6F67 /* Build configuration list for PBXProject "XcodeExtension" */;
			compatibilityVersion = "Xcode 13.0";
			developmentRegion = en;
			hasScannedForEncodings = 0;
			knownRegions = (
				en,
				Base,
			);
			mainGroup = A5EB59EB27D1C05E00FC6F67;
			productRefGroup = A5EB59F527D1C05E00FC6F67 /* Products */;
			projectDirPath = "";
			projectRoot = "";
			targets = (
				A5EB59F327D1C05E00FC6F67 /* XcodeExtension */,
				A5EB5A2927D1C0D400FC6F67 /* SourceEditorExtension */,
				A558450F27D3546300703628 /* CommandHelper */,
			);
		};
/* End PBXProject section */

/* Begin PBXResourcesBuildPhase section */
		A558450E27D3546300703628 /* Resources */ = {
			isa = PBXResourcesBuildPhase;
			buildActionMask = 2147483647;
			files = (
			);
			runOnlyForDeploymentPostprocessing = 0;
		};
		A5EB59F227D1C05E00FC6F67 /* Resources */ = {
			isa = PBXResourcesBuildPhase;
			buildActionMask = 2147483647;
			files = (
				A5EB59FF27D1C05F00FC6F67 /* Preview Assets.xcassets in Resources */,
				A5EB59FC27D1C05F00FC6F67 /* Assets.xcassets in Resources */,
			);
			runOnlyForDeploymentPostprocessing = 0;
		};
		A5EB5A2827D1C0D400FC6F67 /* Resources */ = {
			isa = PBXResourcesBuildPhase;
			buildActionMask = 2147483647;
			files = (
			);
			runOnlyForDeploymentPostprocessing = 0;
		};
/* End PBXResourcesBuildPhase section */

/* Begin PBXSourcesBuildPhase section */
		A558450C27D3546300703628 /* Sources */ = {
			isa = PBXSourcesBuildPhase;
			buildActionMask = 2147483647;
			files = (
				A558451727D3546300703628 /* main.m in Sources */,
				A558452227D3548700703628 /* CommandHelper.swift in Sources */,
			);
			runOnlyForDeploymentPostprocessing = 0;
		};
		A5EB59F027D1C05E00FC6F67 /* Sources */ = {
			isa = PBXSourcesBuildPhase;
			buildActionMask = 2147483647;
			files = (
				A5EB59FA27D1C05E00FC6F67 /* ContentView.swift in Sources */,
				A5EB59F827D1C05E00FC6F67 /* XcodeExtensionApp.swift in Sources */,
			);
			runOnlyForDeploymentPostprocessing = 0;
		};
		A5EB5A2627D1C0D400FC6F67 /* Sources */ = {
			isa = PBXSourcesBuildPhase;
			buildActionMask = 2147483647;
			files = (
				A558452627D35A9C00703628 /* RunXcodeGenCommand.swift in Sources */,
				A5EB5A3227D1C0D400FC6F67 /* SourceEditorExtension.swift in Sources */,
				A5EB5A3427D1C0D400FC6F67 /* SourceEditorCommand.swift in Sources */,
			);
			runOnlyForDeploymentPostprocessing = 0;
		};
/* End PBXSourcesBuildPhase section */

/* Begin PBXTargetDependency section */
		A558451A27D3546300703628 /* PBXTargetDependency */ = {
			isa = PBXTargetDependency;
			target = A558450F27D3546300703628 /* CommandHelper */;
			targetProxy = A558451927D3546300703628 /* PBXContainerItemProxy */;
		};
		A5EB5A3827D1C0D400FC6F67 /* PBXTargetDependency */ = {
			isa = PBXTargetDependency;
			target = A5EB5A2927D1C0D400FC6F67 /* SourceEditorExtension */;
			targetProxy = A5EB5A3727D1C0D400FC6F67 /* PBXContainerItemProxy */;
		};
/* End PBXTargetDependency section */

/* Begin XCBuildConfiguration section */
		A558451D27D3546300703628 /* Debug */ = {
			isa = XCBuildConfiguration;
			buildSettings = {
				CLANG_ENABLE_MODULES = YES;
				CODE_SIGN_IDENTITY = "Apple Development";
				CODE_SIGN_STYLE = Automatic;
				COMBINE_HIDPI_IMAGES = YES;
				CURRENT_PROJECT_VERSION = 1;
				DEVELOPMENT_TEAM = 7NJH5NAV4T;
				GENERATE_INFOPLIST_FILE = YES;
				INFOPLIST_FILE = CommandHelper/Info.plist;
				INFOPLIST_KEY_CFBundleDisplayName = CommandHelper;
				INFOPLIST_KEY_NSHumanReadableCopyright = "";
				LD_RUNPATH_SEARCH_PATHS = (
					"$(inherited)",
					"@executable_path/../Frameworks",
					"@loader_path/../Frameworks",
				);
				MARKETING_VERSION = 1.0;
				PRODUCT_BUNDLE_IDENTIFIER = jp.co.shunya.yamada.XcodeExtension.CommandHelper;
				PRODUCT_NAME = "$(TARGET_NAME)";
				SKIP_INSTALL = YES;
				SWIFT_EMIT_LOC_STRINGS = YES;
				SWIFT_OBJC_BRIDGING_HEADER = "CommandHelper/CommandHelper-Bridging-Header.h";
				SWIFT_OPTIMIZATION_LEVEL = "-Onone";
				SWIFT_VERSION = 5.0;
			};
			name = Debug;
		};
		A558451E27D3546300703628 /* Release */ = {
			isa = XCBuildConfiguration;
			buildSettings = {
				CLANG_ENABLE_MODULES = YES;
				CODE_SIGN_STYLE = Automatic;
				COMBINE_HIDPI_IMAGES = YES;
				CURRENT_PROJECT_VERSION = 1;
				GENERATE_INFOPLIST_FILE = YES;
				INFOPLIST_FILE = CommandHelper/Info.plist;
				INFOPLIST_KEY_CFBundleDisplayName = CommandHelper;
				INFOPLIST_KEY_NSHumanReadableCopyright = "";
				LD_RUNPATH_SEARCH_PATHS = (
					"$(inherited)",
					"@executable_path/../Frameworks",
					"@loader_path/../Frameworks",
				);
				MARKETING_VERSION = 1.0;
				PRODUCT_BUNDLE_IDENTIFIER = jp.co.shunya.yamada.XcodeExtension.CommandHelper;
				PRODUCT_NAME = "$(TARGET_NAME)";
				SKIP_INSTALL = YES;
				SWIFT_EMIT_LOC_STRINGS = YES;
				SWIFT_OBJC_BRIDGING_HEADER = "CommandHelper/CommandHelper-Bridging-Header.h";
				SWIFT_VERSION = 5.0;
			};
			name = Release;
		};
		A5EB5A0127D1C05F00FC6F67 /* Debug */ = {
			isa = XCBuildConfiguration;
			buildSettings = {
				ALWAYS_SEARCH_USER_PATHS = NO;
				CLANG_ANALYZER_NONNULL = YES;
				CLANG_ANALYZER_NUMBER_OBJECT_CONVERSION = YES_AGGRESSIVE;
				CLANG_CXX_LANGUAGE_STANDARD = "gnu++17";
				CLANG_CXX_LIBRARY = "libc++";
				CLANG_ENABLE_MODULES = YES;
				CLANG_ENABLE_OBJC_ARC = YES;
				CLANG_ENABLE_OBJC_WEAK = YES;
				CLANG_WARN_BLOCK_CAPTURE_AUTORELEASING = YES;
				CLANG_WARN_BOOL_CONVERSION = YES;
				CLANG_WARN_COMMA = YES;
				CLANG_WARN_CONSTANT_CONVERSION = YES;
				CLANG_WARN_DEPRECATED_OBJC_IMPLEMENTATIONS = YES;
				CLANG_WARN_DIRECT_OBJC_ISA_USAGE = YES_ERROR;
				CLANG_WARN_DOCUMENTATION_COMMENTS = YES;
				CLANG_WARN_EMPTY_BODY = YES;
				CLANG_WARN_ENUM_CONVERSION = YES;
				CLANG_WARN_INFINITE_RECURSION = YES;
				CLANG_WARN_INT_CONVERSION = YES;
				CLANG_WARN_NON_LITERAL_NULL_CONVERSION = YES;
				CLANG_WARN_OBJC_IMPLICIT_RETAIN_SELF = YES;
				CLANG_WARN_OBJC_LITERAL_CONVERSION = YES;
				CLANG_WARN_OBJC_ROOT_CLASS = YES_ERROR;
				CLANG_WARN_QUOTED_INCLUDE_IN_FRAMEWORK_HEADER = YES;
				CLANG_WARN_RANGE_LOOP_ANALYSIS = YES;
				CLANG_WARN_STRICT_PROTOTYPES = YES;
				CLANG_WARN_SUSPICIOUS_MOVE = YES;
				CLANG_WARN_UNGUARDED_AVAILABILITY = YES_AGGRESSIVE;
				CLANG_WARN_UNREACHABLE_CODE = YES;
				CLANG_WARN__DUPLICATE_METHOD_MATCH = YES;
				COPY_PHASE_STRIP = NO;
				DEBUG_INFORMATION_FORMAT = dwarf;
				ENABLE_STRICT_OBJC_MSGSEND = YES;
				ENABLE_TESTABILITY = YES;
				GCC_C_LANGUAGE_STANDARD = gnu11;
				GCC_DYNAMIC_NO_PIC = NO;
				GCC_NO_COMMON_BLOCKS = YES;
				GCC_OPTIMIZATION_LEVEL = 0;
				GCC_PREPROCESSOR_DEFINITIONS = (
					"DEBUG=1",
					"$(inherited)",
				);
				GCC_WARN_64_TO_32_BIT_CONVERSION = YES;
				GCC_WARN_ABOUT_RETURN_TYPE = YES_ERROR;
				GCC_WARN_UNDECLARED_SELECTOR = YES;
				GCC_WARN_UNINITIALIZED_AUTOS = YES_AGGRESSIVE;
				GCC_WARN_UNUSED_FUNCTION = YES;
				GCC_WARN_UNUSED_VARIABLE = YES;
				MACOSX_DEPLOYMENT_TARGET = 11.6;
				MTL_ENABLE_DEBUG_INFO = INCLUDE_SOURCE;
				MTL_FAST_MATH = YES;
				ONLY_ACTIVE_ARCH = YES;
				SDKROOT = macosx;
				SWIFT_ACTIVE_COMPILATION_CONDITIONS = DEBUG;
				SWIFT_OPTIMIZATION_LEVEL = "-Onone";
			};
			name = Debug;
		};
		A5EB5A0227D1C05F00FC6F67 /* Release */ = {
			isa = XCBuildConfiguration;
			buildSettings = {
				ALWAYS_SEARCH_USER_PATHS = NO;
				CLANG_ANALYZER_NONNULL = YES;
				CLANG_ANALYZER_NUMBER_OBJECT_CONVERSION = YES_AGGRESSIVE;
				CLANG_CXX_LANGUAGE_STANDARD = "gnu++17";
				CLANG_CXX_LIBRARY = "libc++";
				CLANG_ENABLE_MODULES = YES;
				CLANG_ENABLE_OBJC_ARC = YES;
				CLANG_ENABLE_OBJC_WEAK = YES;
				CLANG_WARN_BLOCK_CAPTURE_AUTORELEASING = YES;
				CLANG_WARN_BOOL_CONVERSION = YES;
				CLANG_WARN_COMMA = YES;
				CLANG_WARN_CONSTANT_CONVERSION = YES;
				CLANG_WARN_DEPRECATED_OBJC_IMPLEMENTATIONS = YES;
				CLANG_WARN_DIRECT_OBJC_ISA_USAGE = YES_ERROR;
				CLANG_WARN_DOCUMENTATION_COMMENTS = YES;
				CLANG_WARN_EMPTY_BODY = YES;
				CLANG_WARN_ENUM_CONVERSION = YES;
				CLANG_WARN_INFINITE_RECURSION = YES;
				CLANG_WARN_INT_CONVERSION = YES;
				CLANG_WARN_NON_LITERAL_NULL_CONVERSION = YES;
				CLANG_WARN_OBJC_IMPLICIT_RETAIN_SELF = YES;
				CLANG_WARN_OBJC_LITERAL_CONVERSION = YES;
				CLANG_WARN_OBJC_ROOT_CLASS = YES_ERROR;
				CLANG_WARN_QUOTED_INCLUDE_IN_FRAMEWORK_HEADER = YES;
				CLANG_WARN_RANGE_LOOP_ANALYSIS = YES;
				CLANG_WARN_STRICT_PROTOTYPES = YES;
				CLANG_WARN_SUSPICIOUS_MOVE = YES;
				CLANG_WARN_UNGUARDED_AVAILABILITY = YES_AGGRESSIVE;
				CLANG_WARN_UNREACHABLE_CODE = YES;
				CLANG_WARN__DUPLICATE_METHOD_MATCH = YES;
				COPY_PHASE_STRIP = NO;
				DEBUG_INFORMATION_FORMAT = "dwarf-with-dsym";
				ENABLE_NS_ASSERTIONS = NO;
				ENABLE_STRICT_OBJC_MSGSEND = YES;
				GCC_C_LANGUAGE_STANDARD = gnu11;
				GCC_NO_COMMON_BLOCKS = YES;
				GCC_WARN_64_TO_32_BIT_CONVERSION = YES;
				GCC_WARN_ABOUT_RETURN_TYPE = YES_ERROR;
				GCC_WARN_UNDECLARED_SELECTOR = YES;
				GCC_WARN_UNINITIALIZED_AUTOS = YES_AGGRESSIVE;
				GCC_WARN_UNUSED_FUNCTION = YES;
				GCC_WARN_UNUSED_VARIABLE = YES;
				MACOSX_DEPLOYMENT_TARGET = 11.6;
				MTL_ENABLE_DEBUG_INFO = NO;
				MTL_FAST_MATH = YES;
				SDKROOT = macosx;
				SWIFT_COMPILATION_MODE = wholemodule;
				SWIFT_OPTIMIZATION_LEVEL = "-O";
			};
			name = Release;
		};
		A5EB5A0427D1C05F00FC6F67 /* Debug */ = {
			isa = XCBuildConfiguration;
			buildSettings = {
				ALWAYS_EMBED_SWIFT_STANDARD_LIBRARIES = YES;
				ASSETCATALOG_COMPILER_APPICON_NAME = AppIcon;
				ASSETCATALOG_COMPILER_GLOBAL_ACCENT_COLOR_NAME = AccentColor;
				CODE_SIGN_ENTITLEMENTS = XcodeExtension/XcodeExtension.entitlements;
				CODE_SIGN_IDENTITY = "Apple Development";
				CODE_SIGN_STYLE = Automatic;
				COMBINE_HIDPI_IMAGES = YES;
				CURRENT_PROJECT_VERSION = 1;
				DEVELOPMENT_ASSET_PATHS = "\"XcodeExtension/Preview Content\"";
				DEVELOPMENT_TEAM = 7NJH5NAV4T;
				ENABLE_PREVIEWS = YES;
				GENERATE_INFOPLIST_FILE = YES;
				INFOPLIST_KEY_NSHumanReadableCopyright = "";
				LD_RUNPATH_SEARCH_PATHS = (
					"$(inherited)",
					"@executable_path/../Frameworks",
				);
				MARKETING_VERSION = 1.0;
				PRODUCT_BUNDLE_IDENTIFIER = jp.co.shunya.yamada.XcodeExtension;
				PRODUCT_NAME = "$(TARGET_NAME)";
				PROVISIONING_PROFILE_SPECIFIER = "";
				SWIFT_EMIT_LOC_STRINGS = YES;
				SWIFT_VERSION = 5.0;
			};
			name = Debug;
		};
		A5EB5A0527D1C05F00FC6F67 /* Release */ = {
			isa = XCBuildConfiguration;
			buildSettings = {
				ALWAYS_EMBED_SWIFT_STANDARD_LIBRARIES = YES;
				ASSETCATALOG_COMPILER_APPICON_NAME = AppIcon;
				ASSETCATALOG_COMPILER_GLOBAL_ACCENT_COLOR_NAME = AccentColor;
				CODE_SIGN_ENTITLEMENTS = XcodeExtension/XcodeExtension.entitlements;
				CODE_SIGN_STYLE = Automatic;
				COMBINE_HIDPI_IMAGES = YES;
				CURRENT_PROJECT_VERSION = 1;
				DEVELOPMENT_ASSET_PATHS = "\"XcodeExtension/Preview Content\"";
				ENABLE_PREVIEWS = YES;
				GENERATE_INFOPLIST_FILE = YES;
				INFOPLIST_KEY_NSHumanReadableCopyright = "";
				LD_RUNPATH_SEARCH_PATHS = (
					"$(inherited)",
					"@executable_path/../Frameworks",
				);
				MARKETING_VERSION = 1.0;
				PRODUCT_BUNDLE_IDENTIFIER = jp.co.shunya.yamada.XcodeExtension;
				PRODUCT_NAME = "$(TARGET_NAME)";
				SWIFT_EMIT_LOC_STRINGS = YES;
				SWIFT_VERSION = 5.0;
			};
			name = Release;
		};
		A5EB5A3B27D1C0D400FC6F67 /* Debug */ = {
			isa = XCBuildConfiguration;
			buildSettings = {
				CODE_SIGN_ENTITLEMENTS = SourceEditorExtension/SourceEditorExtensionDebug.entitlements;
				CODE_SIGN_IDENTITY = "Apple Development";
				CODE_SIGN_STYLE = Automatic;
				COMBINE_HIDPI_IMAGES = YES;
				CURRENT_PROJECT_VERSION = 1;
				DEVELOPMENT_TEAM = 7NJH5NAV4T;
				GENERATE_INFOPLIST_FILE = YES;
				INFOPLIST_FILE = SourceEditorExtension/Info.plist;
				INFOPLIST_KEY_CFBundleDisplayName = SourceEditorExtension;
				INFOPLIST_KEY_NSHumanReadableCopyright = "";
				LD_RUNPATH_SEARCH_PATHS = (
					"$(inherited)",
					"@executable_path/../Frameworks",
					"@executable_path/../../../../Frameworks",
				);
				MARKETING_VERSION = 1.0;
				PRODUCT_BUNDLE_IDENTIFIER = jp.co.shunya.yamada.XcodeExtension.SourceEditorExtension;
				PRODUCT_NAME = "$(TARGET_NAME)";
				PROVISIONING_PROFILE_SPECIFIER = "";
				SKIP_INSTALL = YES;
				SWIFT_EMIT_LOC_STRINGS = YES;
				SWIFT_OBJC_BRIDGING_HEADER = "SourceEditorExtension/SourceEditorExtension-Briding-Header.h";
				SWIFT_VERSION = 5.0;
			};
			name = Debug;
		};
		A5EB5A3C27D1C0D400FC6F67 /* Release */ = {
			isa = XCBuildConfiguration;
			buildSettings = {
				CODE_SIGN_ENTITLEMENTS = SourceEditorExtension/SourceEditorExtension.entitlements;
				CODE_SIGN_IDENTITY = "Apple Development";
				CODE_SIGN_STYLE = Manual;
				COMBINE_HIDPI_IMAGES = YES;
				CURRENT_PROJECT_VERSION = 1;
				DEVELOPMENT_TEAM = 7NJH5NAV4T;
				GENERATE_INFOPLIST_FILE = YES;
				INFOPLIST_FILE = SourceEditorExtension/Info.plist;
				INFOPLIST_KEY_CFBundleDisplayName = SourceEditorExtension;
				INFOPLIST_KEY_NSHumanReadableCopyright = "";
				LD_RUNPATH_SEARCH_PATHS = (
					"$(inherited)",
					"@executable_path/../Frameworks",
					"@executable_path/../../../../Frameworks",
				);
				MARKETING_VERSION = 1.0;
				PRODUCT_BUNDLE_IDENTIFIER = jp.co.shunya.yamada.XcodeExtension.SourceEditorExtension;
				PRODUCT_NAME = "$(TARGET_NAME)";
				PROVISIONING_PROFILE_SPECIFIER = "";
				SKIP_INSTALL = YES;
				SWIFT_EMIT_LOC_STRINGS = YES;
				SWIFT_OBJC_BRIDGING_HEADER = "SourceEditorExtension/SourceEditorExtension-Briding-Header.h";
				SWIFT_VERSION = 5.0;
			};
			name = Release;
		};
/* End XCBuildConfiguration section */

/* Begin XCConfigurationList section */
		A558451C27D3546300703628 /* Build configuration list for PBXNativeTarget "CommandHelper" */ = {
			isa = XCConfigurationList;
			buildConfigurations = (
				A558451D27D3546300703628 /* Debug */,
				A558451E27D3546300703628 /* Release */,
			);
			defaultConfigurationIsVisible = 0;
			defaultConfigurationName = Release;
		};
		A5EB59EF27D1C05E00FC6F67 /* Build configuration list for PBXProject "XcodeExtension" */ = {
			isa = XCConfigurationList;
			buildConfigurations = (
				A5EB5A0127D1C05F00FC6F67 /* Debug */,
				A5EB5A0227D1C05F00FC6F67 /* Release */,
			);
			defaultConfigurationIsVisible = 0;
			defaultConfigurationName = Release;
		};
		A5EB5A0327D1C05F00FC6F67 /* Build configuration list for PBXNativeTarget "XcodeExtension" */ = {
			isa = XCConfigurationList;
			buildConfigurations = (
				A5EB5A0427D1C05F00FC6F67 /* Debug */,
				A5EB5A0527D1C05F00FC6F67 /* Release */,
			);
			defaultConfigurationIsVisible = 0;
			defaultConfigurationName = Release;
		};
		A5EB5A3D27D1C0D400FC6F67 /* Build configuration list for PBXNativeTarget "SourceEditorExtension" */ = {
			isa = XCConfigurationList;
			buildConfigurations = (
				A5EB5A3B27D1C0D400FC6F67 /* Debug */,
				A5EB5A3C27D1C0D400FC6F67 /* Release */,
			);
			defaultConfigurationIsVisible = 0;
			defaultConfigurationName = Release;
		};
/* End XCConfigurationList section */
	};
	rootObject = A5EB59EC27D1C05E00FC6F67 /* Project object */;
}
